
Microsoft Visual Studio Solution File, Format Version 12.00
# Visual Studio Version 17
VisualStudioVersion = 17.7.34031.279
MinimumVisualStudioVersion = 10.0.40219.1
Project("{FAE04EC0-301F-11D3-BF4B-00C04F79EFBC}") = "ProcessMonitor", "ProcessMonitor\ProcessMonitor.csproj", "{81875B34-8F25-4ACB-AC71-E8D08D0071AB}"
EndProject
Global
	GlobalSection(SolutionConfigurationPlatforms) = preSolution
		Debug|Any CPU = Debug|Any CPU
		Release|Any CPU = Release|Any CPU
	EndGlobalSection
	GlobalSection(ProjectConfigurationPlatforms) = postSolution
		{81875B34-8F25-4ACB-AC71-E8D08D0071AB}.Debug|Any CPU.ActiveCfg = Debug|Any CPU
		{81875B34-8F25-4ACB-AC71-E8D08D0071AB}.Debug|Any CPU.Build.0 = Debug|Any CPU
		{81875B34-8F25-4ACB-AC71-E8D08D0071AB}.Release|Any CPU.ActiveCfg = Release|Any CPU
		{81875B34-8F25-4ACB-AC71-E8D08D0071AB}.Release|Any CPU.Build.0 = Release|Any CPU
	EndGlobalSection
	GlobalSection(SolutionProperties) = preSolution
		HideSolutionNode = FALSE
	EndGlobalSection
	GlobalSection(ExtensibilityGlobals) = postSolution
		SolutionGuid = {63AB7204-ACA1-47C8-B4CE-0C2A282FD7AD}
	EndGlobalSection
EndGlobal
